
Microsoft Visual Studio Solution File, Format Version 12.00
# Visual Studio Version 17
VisualStudioVersion = 17.0.31903.59
MinimumVisualStudioVersion = 10.0.40219.1
Project("{FAE04EC0-301F-11D3-BF4B-00C04F79EFBC}") = "ProAtividade.API", "ProAtividade.API\ProAtividade.API.csproj", "{BC8C828C-420E-4EA8-8E2C-2FC754A77837}"
EndProject
Project("{FAE04EC0-301F-11D3-BF4B-00C04F79EFBC}") = "ProAtividade.Data", "ProAtividade.Data\ProAtividade.Data.csproj", "{4B7752CF-4605-4C48-A2CE-373524EB6C36}"
EndProject
Project("{FAE04EC0-301F-11D3-BF4B-00C04F79EFBC}") = "ProAtividade.Domain", "ProAtividade.Domain\ProAtividade.Domain.csproj", "{A2223A4F-3B07-4F55-83D0-84A65172B410}"
EndProject
Global
	GlobalSection(SolutionConfigurationPlatforms) = preSolution
		Debug|Any CPU = Debug|Any CPU
		Release|Any CPU = Release|Any CPU
	EndGlobalSection
	GlobalSection(SolutionProperties) = preSolution
		HideSolutionNode = FALSE
	EndGlobalSection
	GlobalSection(ProjectConfigurationPlatforms) = postSolution
		{BC8C828C-420E-4EA8-8E2C-2FC754A77837}.Debug|Any CPU.ActiveCfg = Debug|Any CPU
		{BC8C828C-420E-4EA8-8E2C-2FC754A77837}.Debug|Any CPU.Build.0 = Debug|Any CPU
		{BC8C828C-420E-4EA8-8E2C-2FC754A77837}.Release|Any CPU.ActiveCfg = Release|Any CPU
		{BC8C828C-420E-4EA8-8E2C-2FC754A77837}.Release|Any CPU.Build.0 = Release|Any CPU
		{4B7752CF-4605-4C48-A2CE-373524EB6C36}.Debug|Any CPU.ActiveCfg = Debug|Any CPU
		{4B7752CF-4605-4C48-A2CE-373524EB6C36}.Debug|Any CPU.Build.0 = Debug|Any CPU
		{4B7752CF-4605-4C48-A2CE-373524EB6C36}.Release|Any CPU.ActiveCfg = Release|Any CPU
		{4B7752CF-4605-4C48-A2CE-373524EB6C36}.Release|Any CPU.Build.0 = Release|Any CPU
		{A2223A4F-3B07-4F55-83D0-84A65172B410}.Debug|Any CPU.ActiveCfg = Debug|Any CPU
		{A2223A4F-3B07-4F55-83D0-84A65172B410}.Debug|Any CPU.Build.0 = Debug|Any CPU
		{A2223A4F-3B07-4F55-83D0-84A65172B410}.Release|Any CPU.ActiveCfg = Release|Any CPU
		{A2223A4F-3B07-4F55-83D0-84A65172B410}.Release|Any CPU.Build.0 = Release|Any CPU
	EndGlobalSection
EndGlobal
